
Microsoft Visual Studio Solution File, Format Version 12.00
# Visual Studio Version 17
VisualStudioVersion = 17.9.34714.143
MinimumVisualStudioVersion = 10.0.40219.1
Project("{9A19103F-16F7-4668-BE54-9A1E7A4F7556}") = "Encantos do Brasil", "Encantos do Brasil\Encantos do Brasil.csproj", "{158E3FB0-B874-42E9-BAF5-967D177C1BE4}"
EndProject
Global
	GlobalSection(SolutionConfigurationPlatforms) = preSolution
		Debug|Any CPU = Debug|Any CPU
		Release|Any CPU = Release|Any CPU
	EndGlobalSection
	GlobalSection(ProjectConfigurationPlatforms) = postSolution
		{158E3FB0-B874-42E9-BAF5-967D177C1BE4}.Debug|Any CPU.ActiveCfg = Debug|Any CPU
		{158E3FB0-B874-42E9-BAF5-967D177C1BE4}.Debug|Any CPU.Build.0 = Debug|Any CPU
		{158E3FB0-B874-42E9-BAF5-967D177C1BE4}.Release|Any CPU.ActiveCfg = Release|Any CPU
		{158E3FB0-B874-42E9-BAF5-967D177C1BE4}.Release|Any CPU.Build.0 = Release|Any CPU
	EndGlobalSection
	GlobalSection(SolutionProperties) = preSolution
		HideSolutionNode = FALSE
	EndGlobalSection
	GlobalSection(ExtensibilityGlobals) = postSolution
		SolutionGuid = {228018D6-F847-4E8F-94EC-58F3BEA85A2B}
	EndGlobalSection
EndGlobal
